// !$*UTF8*$!
{
	archiveVersion = 1;
	classes = {
	};
	objectVersion = 46;
	objects = {

/* Begin PBXBuildFile section */
		5AB280421B9EE533004A8660 /* ratingStar copy.png in Resources */ = {isa = PBXBuildFile; fileRef = 5AB280411B9EE533004A8660 /* ratingStar copy.png */; };
		5AB280441B9EED6D004A8660 /* star.png in Resources */ = {isa = PBXBuildFile; fileRef = 5AB280431B9EED6D004A8660 /* star.png */; };
		5AB280461B9EEF16004A8660 /* ratingStar copy 2.png in Resources */ = {isa = PBXBuildFile; fileRef = 5AB280451B9EEF16004A8660 /* ratingStar copy 2.png */; };
		5AB280481B9EFB29004A8660 /* star copy.png in Resources */ = {isa = PBXBuildFile; fileRef = 5AB280471B9EFB29004A8660 /* star copy.png */; };
		5ABC540A1B9AAAE5001D08F6 /* questions.json in Resources */ = {isa = PBXBuildFile; fileRef = 5ABC54091B9AAAE5001D08F6 /* questions.json */; };
		5ABC54511B9ACAB0001D08F6 /* UIView+Toast.m in Sources */ = {isa = PBXBuildFile; fileRef = 5ABC54501B9ACAB0001D08F6 /* UIView+Toast.m */; };
		5ABC54581B9AF4A0001D08F6 /* SVIndefiniteAnimatedView.m in Sources */ = {isa = PBXBuildFile; fileRef = 5ABC54531B9AF4A0001D08F6 /* SVIndefiniteAnimatedView.m */; };
		5ABC54591B9AF4A0001D08F6 /* SVProgressHUD.bundle in Resources */ = {isa = PBXBuildFile; fileRef = 5ABC54551B9AF4A0001D08F6 /* SVProgressHUD.bundle */; };
		5ABC545A1B9AF4A0001D08F6 /* SVProgressHUD.m in Sources */ = {isa = PBXBuildFile; fileRef = 5ABC54571B9AF4A0001D08F6 /* SVProgressHUD.m */; };
		5ABC545C1B9AF57E001D08F6 /* QuartzCore.framework in Frameworks */ = {isa = PBXBuildFile; fileRef = 5ABC545B1B9AF57E001D08F6 /* QuartzCore.framework */; };
		5ABC54741B9B00BA001D08F6 /* AFURLConnectionOperation.m in Sources */ = {isa = PBXBuildFile; fileRef = 5ABC54631B9B00BA001D08F6 /* AFURLConnectionOperation.m */; };
		5ABC54751B9B00BA001D08F6 /* AFHTTPRequestOperation.m in Sources */ = {isa = PBXBuildFile; fileRef = 5ABC54651B9B00BA001D08F6 /* AFHTTPRequestOperation.m */; };
		5ABC54761B9B00BA001D08F6 /* AFHTTPRequestOperationManager.m in Sources */ = {isa = PBXBuildFile; fileRef = 5ABC54671B9B00BA001D08F6 /* AFHTTPRequestOperationManager.m */; };
		5ABC54771B9B00BA001D08F6 /* AFURLSessionManager.m in Sources */ = {isa = PBXBuildFile; fileRef = 5ABC54691B9B00BA001D08F6 /* AFURLSessionManager.m */; };
		5ABC54781B9B00BA001D08F6 /* AFHTTPSessionManager.m in Sources */ = {isa = PBXBuildFile; fileRef = 5ABC546B1B9B00BA001D08F6 /* AFHTTPSessionManager.m */; };
		5ABC54791B9B00BA001D08F6 /* AFSecurityPolicy.m in Sources */ = {isa = PBXBuildFile; fileRef = 5ABC546D1B9B00BA001D08F6 /* AFSecurityPolicy.m */; };
		5ABC547A1B9B00BA001D08F6 /* AFNetworkReachabilityManager.m in Sources */ = {isa = PBXBuildFile; fileRef = 5ABC546F1B9B00BA001D08F6 /* AFNetworkReachabilityManager.m */; };
		5ABC547B1B9B00BA001D08F6 /* AFURLRequestSerialization.m in Sources */ = {isa = PBXBuildFile; fileRef = 5ABC54711B9B00BA001D08F6 /* AFURLRequestSerialization.m */; };
		5ABC547C1B9B00BA001D08F6 /* AFURLResponseSerialization.m in Sources */ = {isa = PBXBuildFile; fileRef = 5ABC54731B9B00BA001D08F6 /* AFURLResponseSerialization.m */; };
		5AC4347A1B9DAF0D00C4DCD5 /* PopoverViewController.m in Sources */ = {isa = PBXBuildFile; fileRef = 5AC434791B9DAF0D00C4DCD5 /* PopoverViewController.m */; };
		5AC434811B9DBAFA00C4DCD5 /* launchScreenLogo.png in Resources */ = {isa = PBXBuildFile; fileRef = 5AC4347F1B9DBAFA00C4DCD5 /* launchScreenLogo.png */; };
		5AC434841B9DBB0F00C4DCD5 /* launchScreenLogo@2x.png in Resources */ = {isa = PBXBuildFile; fileRef = 5AC434831B9DBB0F00C4DCD5 /* launchScreenLogo@2x.png */; };
		5AD2EA331BA1ACC4004CD7BE /* MBProgressHUD.m in Sources */ = {isa = PBXBuildFile; fileRef = 5AD2EA321BA1ACC4004CD7BE /* MBProgressHUD.m */; };
		5AE026931B99A24E00FFEF8D /* main.m in Sources */ = {isa = PBXBuildFile; fileRef = 5AE026921B99A24E00FFEF8D /* main.m */; };
		5AE026961B99A24E00FFEF8D /* AppDelegate.m in Sources */ = {isa = PBXBuildFile; fileRef = 5AE026951B99A24E00FFEF8D /* AppDelegate.m */; };
		5AE026991B99A24E00FFEF8D /* HomeViewController.m in Sources */ = {isa = PBXBuildFile; fileRef = 5AE026981B99A24E00FFEF8D /* HomeViewController.m */; };
		5AE0269C1B99A24E00FFEF8D /* Main.storyboard in Resources */ = {isa = PBXBuildFile; fileRef = 5AE0269A1B99A24E00FFEF8D /* Main.storyboard */; };
		5AE0269E1B99A24E00FFEF8D /* Images.xcassets in Resources */ = {isa = PBXBuildFile; fileRef = 5AE0269D1B99A24E00FFEF8D /* Images.xcassets */; };
		5AE026A11B99A24E00FFEF8D /* LaunchScreen.xib in Resources */ = {isa = PBXBuildFile; fileRef = 5AE0269F1B99A24E00FFEF8D /* LaunchScreen.xib */; };
		5AE026AD1B99A24E00FFEF8D /* F45FeedbackTests.m in Sources */ = {isa = PBXBuildFile; fileRef = 5AE026AC1B99A24E00FFEF8D /* F45FeedbackTests.m */; };
		5AE026B71B99A37400FFEF8D /* f45logo_4.png in Resources */ = {isa = PBXBuildFile; fileRef = 5AE026B61B99A37400FFEF8D /* f45logo_4.png */; };
		5AE026BB1B99A8CA00FFEF8D /* ProximaNovaCond-Semibold.otf in Resources */ = {isa = PBXBuildFile; fileRef = 5AE026B81B99A8BD00FFEF8D /* ProximaNovaCond-Semibold.otf */; };
		5AE026BC1B99A8CA00FFEF8D /* YanoneKaffeesatz-Bold.ttf in Resources */ = {isa = PBXBuildFile; fileRef = 5AE026B91B99A8BD00FFEF8D /* YanoneKaffeesatz-Bold.ttf */; };
		5AE026BD1B99A8CA00FFEF8D /* YanoneKaffeesatz-Regular.ttf in Resources */ = {isa = PBXBuildFile; fileRef = 5AE026BA1B99A8BD00FFEF8D /* YanoneKaffeesatz-Regular.ttf */; };
		5AE026C01B99B98B00FFEF8D /* MainViewController.m in Sources */ = {isa = PBXBuildFile; fileRef = 5AE026BF1B99B98B00FFEF8D /* MainViewController.m */; };
		5AE026C31B99BADB00FFEF8D /* Helper.m in Sources */ = {isa = PBXBuildFile; fileRef = 5AE026C21B99BADB00FFEF8D /* Helper.m */; };
		5AE026C81B99CC9500FFEF8D /* whiteLogo.png in Resources */ = {isa = PBXBuildFile; fileRef = 5AE026C61B99CC9500FFEF8D /* whiteLogo.png */; };
		5AE026C91B99CC9500FFEF8D /* whiteLogo@2x.png in Resources */ = {isa = PBXBuildFile; fileRef = 5AE026C71B99CC9500FFEF8D /* whiteLogo@2x.png */; };
		5AE026CE1B99CEE000FFEF8D /* ratingStar.png in Resources */ = {isa = PBXBuildFile; fileRef = 5AE026CC1B99CEE000FFEF8D /* ratingStar.png */; };
		5AE026CF1B99CEE000FFEF8D /* ratingStar@2x.png in Resources */ = {isa = PBXBuildFile; fileRef = 5AE026CD1B99CEE000FFEF8D /* ratingStar@2x.png */; };
		5AE026D11B99D51500FFEF8D /* star_bg_clicked.png in Resources */ = {isa = PBXBuildFile; fileRef = 5AE026D01B99D51500FFEF8D /* star_bg_clicked.png */; };
/* End PBXBuildFile section */

/* Begin PBXContainerItemProxy section */
		5AE026A71B99A24E00FFEF8D /* PBXContainerItemProxy */ = {
			isa = PBXContainerItemProxy;
			containerPortal = 5AE026851B99A24E00FFEF8D /* Project object */;
			proxyType = 1;
			remoteGlobalIDString = 5AE0268C1B99A24E00FFEF8D;
			remoteInfo = F45Feedback;
		};
/* End PBXContainerItemProxy section */

/* Begin PBXFileReference section */
		5AB280411B9EE533004A8660 /* ratingStar copy.png */ = {isa = PBXFileReference; lastKnownFileType = image.png; path = "ratingStar copy.png"; sourceTree = "<group>"; };
		5AB280431B9EED6D004A8660 /* star.png */ = {isa = PBXFileReference; lastKnownFileType = image.png; path = star.png; sourceTree = "<group>"; };
		5AB280451B9EEF16004A8660 /* ratingStar copy 2.png */ = {isa = PBXFileReference; lastKnownFileType = image.png; path = "ratingStar copy 2.png"; sourceTree = "<group>"; };
		5AB280471B9EFB29004A8660 /* star copy.png */ = {isa = PBXFileReference; lastKnownFileType = image.png; path = "star copy.png"; sourceTree = "<group>"; };
		5ABC54091B9AAAE5001D08F6 /* questions.json */ = {isa = PBXFileReference; fileEncoding = 4; lastKnownFileType = text.json; path = questions.json; sourceTree = "<group>"; };
		5ABC544F1B9ACAB0001D08F6 /* UIView+Toast.h */ = {isa = PBXFileReference; fileEncoding = 4; lastKnownFileType = sourcecode.c.h; path = "UIView+Toast.h"; sourceTree = "<group>"; };
		5ABC54501B9ACAB0001D08F6 /* UIView+Toast.m */ = {isa = PBXFileReference; fileEncoding = 4; lastKnownFileType = sourcecode.c.objc; path = "UIView+Toast.m"; sourceTree = "<group>"; };
		5ABC54521B9AF4A0001D08F6 /* SVIndefiniteAnimatedView.h */ = {isa = PBXFileReference; fileEncoding = 4; lastKnownFileType = sourcecode.c.h; path = SVIndefiniteAnimatedView.h; sourceTree = "<group>"; };
		5ABC54531B9AF4A0001D08F6 /* SVIndefiniteAnimatedView.m */ = {isa = PBXFileReference; fileEncoding = 4; lastKnownFileType = sourcecode.c.objc; path = SVIndefiniteAnimatedView.m; sourceTree = "<group>"; };
		5ABC54541B9AF4A0001D08F6 /* SVProgressHUD-Prefix.pch */ = {isa = PBXFileReference; fileEncoding = 4; lastKnownFileType = sourcecode.c.h; path = "SVProgressHUD-Prefix.pch"; sourceTree = "<group>"; };
		5ABC54551B9AF4A0001D08F6 /* SVProgressHUD.bundle */ = {isa = PBXFileReference; lastKnownFileType = "wrapper.plug-in"; path = SVProgressHUD.bundle; sourceTree = "<group>"; };
		5ABC54561B9AF4A0001D08F6 /* SVProgressHUD.h */ = {isa = PBXFileReference; fileEncoding = 4; lastKnownFileType = sourcecode.c.h; path = SVProgressHUD.h; sourceTree = "<group>"; };
		5ABC54571B9AF4A0001D08F6 /* SVProgressHUD.m */ = {isa = PBXFileReference; fileEncoding = 4; lastKnownFileType = sourcecode.c.objc; path = SVProgressHUD.m; sourceTree = "<group>"; };
		5ABC545B1B9AF57E001D08F6 /* QuartzCore.framework */ = {isa = PBXFileReference; lastKnownFileType = wrapper.framework; name = QuartzCore.framework; path = System/Library/Frameworks/QuartzCore.framework; sourceTree = SDKROOT; };
		5ABC54611B9B00BA001D08F6 /* AFNetworking.h */ = {isa = PBXFileReference; fileEncoding = 4; lastKnownFileType = sourcecode.c.h; path = AFNetworking.h; sourceTree = "<group>"; };
		5ABC54621B9B00BA001D08F6 /* AFURLConnectionOperation.h */ = {isa = PBXFileReference; fileEncoding = 4; lastKnownFileType = sourcecode.c.h; path = AFURLConnectionOperation.h; sourceTree = "<group>"; };
		5ABC54631B9B00BA001D08F6 /* AFURLConnectionOperation.m */ = {isa = PBXFileReference; fileEncoding = 4; lastKnownFileType = sourcecode.c.objc; path = AFURLConnectionOperation.m; sourceTree = "<group>"; };
		5ABC54641B9B00BA001D08F6 /* AFHTTPRequestOperation.h */ = {isa = PBXFileReference; fileEncoding = 4; lastKnownFileType = sourcecode.c.h; path = AFHTTPRequestOperation.h; sourceTree = "<group>"; };
		5ABC54651B9B00BA001D08F6 /* AFHTTPRequestOperation.m */ = {isa = PBXFileReference; fileEncoding = 4; lastKnownFileType = sourcecode.c.objc; path = AFHTTPRequestOperation.m; sourceTree = "<group>"; };
		5ABC54661B9B00BA001D08F6 /* AFHTTPRequestOperationManager.h */ = {isa = PBXFileReference; fileEncoding = 4; lastKnownFileType = sourcecode.c.h; path = AFHTTPRequestOperationManager.h; sourceTree = "<group>"; };
		5ABC54671B9B00BA001D08F6 /* AFHTTPRequestOperationManager.m */ = {isa = PBXFileReference; fileEncoding = 4; lastKnownFileType = sourcecode.c.objc; path = AFHTTPRequestOperationManager.m; sourceTree = "<group>"; };
		5ABC54681B9B00BA001D08F6 /* AFURLSessionManager.h */ = {isa = PBXFileReference; fileEncoding = 4; lastKnownFileType = sourcecode.c.h; path = AFURLSessionManager.h; sourceTree = "<group>"; };
		5ABC54691B9B00BA001D08F6 /* AFURLSessionManager.m */ = {isa = PBXFileReference; fileEncoding = 4; lastKnownFileType = sourcecode.c.objc; path = AFURLSessionManager.m; sourceTree = "<group>"; };
		5ABC546A1B9B00BA001D08F6 /* AFHTTPSessionManager.h */ = {isa = PBXFileReference; fileEncoding = 4; lastKnownFileType = sourcecode.c.h; path = AFHTTPSessionManager.h; sourceTree = "<group>"; };
		5ABC546B1B9B00BA001D08F6 /* AFHTTPSessionManager.m */ = {isa = PBXFileReference; fileEncoding = 4; lastKnownFileType = sourcecode.c.objc; path = AFHTTPSessionManager.m; sourceTree = "<group>"; };
		5ABC546C1B9B00BA001D08F6 /* AFSecurityPolicy.h */ = {isa = PBXFileReference; fileEncoding = 4; lastKnownFileType = sourcecode.c.h; path = AFSecurityPolicy.h; sourceTree = "<group>"; };
		5ABC546D1B9B00BA001D08F6 /* AFSecurityPolicy.m */ = {isa = PBXFileReference; fileEncoding = 4; lastKnownFileType = sourcecode.c.objc; path = AFSecurityPolicy.m; sourceTree = "<group>"; };
		5ABC546E1B9B00BA001D08F6 /* AFNetworkReachabilityManager.h */ = {isa = PBXFileReference; fileEncoding = 4; lastKnownFileType = sourcecode.c.h; path = AFNetworkReachabilityManager.h; sourceTree = "<group>"; };
		5ABC546F1B9B00BA001D08F6 /* AFNetworkReachabilityManager.m */ = {isa = PBXFileReference; fileEncoding = 4; lastKnownFileType = sourcecode.c.objc; path = AFNetworkReachabilityManager.m; sourceTree = "<group>"; };
		5ABC54701B9B00BA001D08F6 /* AFURLRequestSerialization.h */ = {isa = PBXFileReference; fileEncoding = 4; lastKnownFileType = sourcecode.c.h; path = AFURLRequestSerialization.h; sourceTree = "<group>"; };
		5ABC54711B9B00BA001D08F6 /* AFURLRequestSerialization.m */ = {isa = PBXFileReference; fileEncoding = 4; lastKnownFileType = sourcecode.c.objc; path = AFURLRequestSerialization.m; sourceTree = "<group>"; };
		5ABC54721B9B00BA001D08F6 /* AFURLResponseSerialization.h */ = {isa = PBXFileReference; fileEncoding = 4; lastKnownFileType = sourcecode.c.h; path = AFURLResponseSerialization.h; sourceTree = "<group>"; };
		5ABC54731B9B00BA001D08F6 /* AFURLResponseSerialization.m */ = {isa = PBXFileReference; fileEncoding = 4; lastKnownFileType = sourcecode.c.objc; path = AFURLResponseSerialization.m; sourceTree = "<group>"; };
		5AC434781B9DAF0D00C4DCD5 /* PopoverViewController.h */ = {isa = PBXFileReference; fileEncoding = 4; lastKnownFileType = sourcecode.c.h; path = PopoverViewController.h; sourceTree = "<group>"; };
		5AC434791B9DAF0D00C4DCD5 /* PopoverViewController.m */ = {isa = PBXFileReference; fileEncoding = 4; lastKnownFileType = sourcecode.c.objc; path = PopoverViewController.m; sourceTree = "<group>"; };
		5AC4347F1B9DBAFA00C4DCD5 /* launchScreenLogo.png */ = {isa = PBXFileReference; lastKnownFileType = image.png; path = launchScreenLogo.png; sourceTree = "<group>"; };
		5AC434831B9DBB0F00C4DCD5 /* launchScreenLogo@2x.png */ = {isa = PBXFileReference; lastKnownFileType = image.png; path = "launchScreenLogo@2x.png"; sourceTree = "<group>"; };
		5AD2EA311BA1ACC4004CD7BE /* MBProgressHUD.h */ = {isa = PBXFileReference; fileEncoding = 4; lastKnownFileType = sourcecode.c.h; path = MBProgressHUD.h; sourceTree = "<group>"; };
		5AD2EA321BA1ACC4004CD7BE /* MBProgressHUD.m */ = {isa = PBXFileReference; fileEncoding = 4; lastKnownFileType = sourcecode.c.objc; path = MBProgressHUD.m; sourceTree = "<group>"; };
		5AE0268D1B99A24E00FFEF8D /* F45Feedback.app */ = {isa = PBXFileReference; explicitFileType = wrapper.application; includeInIndex = 0; path = F45Feedback.app; sourceTree = BUILT_PRODUCTS_DIR; };
		5AE026911B99A24E00FFEF8D /* Info.plist */ = {isa = PBXFileReference; lastKnownFileType = text.plist.xml; path = Info.plist; sourceTree = "<group>"; };
		5AE026921B99A24E00FFEF8D /* main.m */ = {isa = PBXFileReference; lastKnownFileType = sourcecode.c.objc; path = main.m; sourceTree = "<group>"; };
		5AE026941B99A24E00FFEF8D /* AppDelegate.h */ = {isa = PBXFileReference; lastKnownFileType = sourcecode.c.h; path = AppDelegate.h; sourceTree = "<group>"; };
		5AE026951B99A24E00FFEF8D /* AppDelegate.m */ = {isa = PBXFileReference; lastKnownFileType = sourcecode.c.objc; path = AppDelegate.m; sourceTree = "<group>"; };
		5AE026971B99A24E00FFEF8D /* HomeViewController.h */ = {isa = PBXFileReference; lastKnownFileType = sourcecode.c.h; path = HomeViewController.h; sourceTree = "<group>"; };
		5AE026981B99A24E00FFEF8D /* HomeViewController.m */ = {isa = PBXFileReference; lastKnownFileType = sourcecode.c.objc; path = HomeViewController.m; sourceTree = "<group>"; };
		5AE0269B1B99A24E00FFEF8D /* Base */ = {isa = PBXFileReference; lastKnownFileType = file.storyboard; name = Base; path = Base.lproj/Main.storyboard; sourceTree = "<group>"; };
		5AE0269D1B99A24E00FFEF8D /* Images.xcassets */ = {isa = PBXFileReference; lastKnownFileType = folder.assetcatalog; path = Images.xcassets; sourceTree = "<group>"; };
		5AE026A01B99A24E00FFEF8D /* Base */ = {isa = PBXFileReference; lastKnownFileType = file.xib; name = Base; path = Base.lproj/LaunchScreen.xib; sourceTree = "<group>"; };
		5AE026A61B99A24E00FFEF8D /* F45FeedbackTests.xctest */ = {isa = PBXFileReference; explicitFileType = wrapper.cfbundle; includeInIndex = 0; path = F45FeedbackTests.xctest; sourceTree = BUILT_PRODUCTS_DIR; };
		5AE026AB1B99A24E00FFEF8D /* Info.plist */ = {isa = PBXFileReference; lastKnownFileType = text.plist.xml; path = Info.plist; sourceTree = "<group>"; };
		5AE026AC1B99A24E00FFEF8D /* F45FeedbackTests.m */ = {isa = PBXFileReference; lastKnownFileType = sourcecode.c.objc; path = F45FeedbackTests.m; sourceTree = "<group>"; };
		5AE026B61B99A37400FFEF8D /* f45logo_4.png */ = {isa = PBXFileReference; lastKnownFileType = image.png; path = f45logo_4.png; sourceTree = "<group>"; };
		5AE026B81B99A8BD00FFEF8D /* ProximaNovaCond-Semibold.otf */ = {isa = PBXFileReference; lastKnownFileType = file; path = "ProximaNovaCond-Semibold.otf"; sourceTree = "<group>"; };
		5AE026B91B99A8BD00FFEF8D /* YanoneKaffeesatz-Bold.ttf */ = {isa = PBXFileReference; lastKnownFileType = file; path = "YanoneKaffeesatz-Bold.ttf"; sourceTree = "<group>"; };
		5AE026BA1B99A8BD00FFEF8D /* YanoneKaffeesatz-Regular.ttf */ = {isa = PBXFileReference; lastKnownFileType = file; path = "YanoneKaffeesatz-Regular.ttf"; sourceTree = "<group>"; };
		5AE026BE1B99B98B00FFEF8D /* MainViewController.h */ = {isa = PBXFileReference; fileEncoding = 4; lastKnownFileType = sourcecode.c.h; path = MainViewController.h; sourceTree = "<group>"; };
		5AE026BF1B99B98B00FFEF8D /* MainViewController.m */ = {isa = PBXFileReference; fileEncoding = 4; lastKnownFileType = sourcecode.c.objc; path = MainViewController.m; sourceTree = "<group>"; };
		5AE026C11B99BADB00FFEF8D /* Helper.h */ = {isa = PBXFileReference; fileEncoding = 4; lastKnownFileType = sourcecode.c.h; path = Helper.h; sourceTree = "<group>"; };
		5AE026C21B99BADB00FFEF8D /* Helper.m */ = {isa = PBXFileReference; fileEncoding = 4; lastKnownFileType = sourcecode.c.objc; path = Helper.m; sourceTree = "<group>"; };
		5AE026C61B99CC9500FFEF8D /* whiteLogo.png */ = {isa = PBXFileReference; lastKnownFileType = image.png; path = whiteLogo.png; sourceTree = "<group>"; };
		5AE026C71B99CC9500FFEF8D /* whiteLogo@2x.png */ = {isa = PBXFileReference; lastKnownFileType = image.png; path = "whiteLogo@2x.png"; sourceTree = "<group>"; };
		5AE026CC1B99CEE000FFEF8D /* ratingStar.png */ = {isa = PBXFileReference; lastKnownFileType = image.png; path = ratingStar.png; sourceTree = "<group>"; };
		5AE026CD1B99CEE000FFEF8D /* ratingStar@2x.png */ = {isa = PBXFileReference; lastKnownFileType = image.png; path = "ratingStar@2x.png"; sourceTree = "<group>"; };
		5AE026D01B99D51500FFEF8D /* star_bg_clicked.png */ = {isa = PBXFileReference; lastKnownFileType = image.png; path = star_bg_clicked.png; sourceTree = "<group>"; };
/* End PBXFileReference section */

/* Begin PBXFrameworksBuildPhase section */
		5AE0268A1B99A24E00FFEF8D /* Frameworks */ = {
			isa = PBXFrameworksBuildPhase;
			buildActionMask = 2147483647;
			files = (
				5ABC545C1B9AF57E001D08F6 /* QuartzCore.framework in Frameworks */,
			);
			runOnlyForDeploymentPostprocessing = 0;
		};
		5AE026A31B99A24E00FFEF8D /* Frameworks */ = {
			isa = PBXFrameworksBuildPhase;
			buildActionMask = 2147483647;
			files = (
			);
			runOnlyForDeploymentPostprocessing = 0;
		};
/* End PBXFrameworksBuildPhase section */

/* Begin PBXGroup section */
		5ABC540E1B9AAB52001D08F6 /* Libraries */ = {
			isa = PBXGroup;
			children = (
				5AD2EA341BA1ACC9004CD7BE /* MBProgressHUD */,
				5ABC547D1B9B00BF001D08F6 /* AFNetworking */,
				5ABC545D1B9AF674001D08F6 /* SVProgressHUD */,
				5ABC544B1B9ABE57001D08F6 /* Toast */,
			);
			name = Libraries;
			sourceTree = "<group>";
		};
		5ABC54101B9AAB71001D08F6 /* Data */ = {
			isa = PBXGroup;
			children = (
				5ABC54091B9AAAE5001D08F6 /* questions.json */,
			);
			name = Data;
			sourceTree = "<group>";
		};
		5ABC54431B9AAF38001D08F6 /* Helper */ = {
			isa = PBXGroup;
			children = (
				5AE026C11B99BADB00FFEF8D /* Helper.h */,
				5AE026C21B99BADB00FFEF8D /* Helper.m */,
			);
			name = Helper;
			sourceTree = "<group>";
		};
		5ABC54441B9AAF47001D08F6 /* View Controllers */ = {
			isa = PBXGroup;
			children = (
				5AE026941B99A24E00FFEF8D /* AppDelegate.h */,
				5AE026951B99A24E00FFEF8D /* AppDelegate.m */,
				5AE026971B99A24E00FFEF8D /* HomeViewController.h */,
				5AE026981B99A24E00FFEF8D /* HomeViewController.m */,
				5AE026BE1B99B98B00FFEF8D /* MainViewController.h */,
				5AE026BF1B99B98B00FFEF8D /* MainViewController.m */,
				5AC434781B9DAF0D00C4DCD5 /* PopoverViewController.h */,
				5AC434791B9DAF0D00C4DCD5 /* PopoverViewController.m */,
			);
			name = "View Controllers";
			sourceTree = "<group>";
		};
		5ABC54451B9AAF57001D08F6 /* Images */ = {
			isa = PBXGroup;
			children = (
				5AC434831B9DBB0F00C4DCD5 /* launchScreenLogo@2x.png */,
				5AB280451B9EEF16004A8660 /* ratingStar copy 2.png */,
				5AB280471B9EFB29004A8660 /* star copy.png */,
				5AB280431B9EED6D004A8660 /* star.png */,
				5AB280411B9EE533004A8660 /* ratingStar copy.png */,
				5AC4347F1B9DBAFA00C4DCD5 /* launchScreenLogo.png */,
				5AE026B61B99A37400FFEF8D /* f45logo_4.png */,
				5AE026C61B99CC9500FFEF8D /* whiteLogo.png */,
				5AE026C71B99CC9500FFEF8D /* whiteLogo@2x.png */,
				5AE026CC1B99CEE000FFEF8D /* ratingStar.png */,
				5AE026CD1B99CEE000FFEF8D /* ratingStar@2x.png */,
				5AE026D01B99D51500FFEF8D /* star_bg_clicked.png */,
			);
			name = Images;
			sourceTree = "<group>";
		};
		5ABC54461B9AAF61001D08F6 /* Fonts */ = {
			isa = PBXGroup;
			children = (
				5AE026B81B99A8BD00FFEF8D /* ProximaNovaCond-Semibold.otf */,
				5AE026B91B99A8BD00FFEF8D /* YanoneKaffeesatz-Bold.ttf */,
				5AE026BA1B99A8BD00FFEF8D /* YanoneKaffeesatz-Regular.ttf */,
			);
			name = Fonts;
			sourceTree = "<group>";
		};
		5ABC544B1B9ABE57001D08F6 /* Toast */ = {
			isa = PBXGroup;
			children = (
				5ABC544F1B9ACAB0001D08F6 /* UIView+Toast.h */,
				5ABC54501B9ACAB0001D08F6 /* UIView+Toast.m */,
			);
			path = Toast;
			sourceTree = "<group>";
		};
		5ABC545D1B9AF674001D08F6 /* SVProgressHUD */ = {
			isa = PBXGroup;
			children = (
				5ABC54521B9AF4A0001D08F6 /* SVIndefiniteAnimatedView.h */,
				5ABC54531B9AF4A0001D08F6 /* SVIndefiniteAnimatedView.m */,
				5ABC54541B9AF4A0001D08F6 /* SVProgressHUD-Prefix.pch */,
				5ABC54551B9AF4A0001D08F6 /* SVProgressHUD.bundle */,
				5ABC54561B9AF4A0001D08F6 /* SVProgressHUD.h */,
				5ABC54571B9AF4A0001D08F6 /* SVProgressHUD.m */,
			);
			name = SVProgressHUD;
			sourceTree = "<group>";
		};
		5ABC547D1B9B00BF001D08F6 /* AFNetworking */ = {
			isa = PBXGroup;
			children = (
				5ABC54611B9B00BA001D08F6 /* AFNetworking.h */,
				5ABC54621B9B00BA001D08F6 /* AFURLConnectionOperation.h */,
				5ABC54631B9B00BA001D08F6 /* AFURLConnectionOperation.m */,
				5ABC54641B9B00BA001D08F6 /* AFHTTPRequestOperation.h */,
				5ABC54651B9B00BA001D08F6 /* AFHTTPRequestOperation.m */,
				5ABC54661B9B00BA001D08F6 /* AFHTTPRequestOperationManager.h */,
				5ABC54671B9B00BA001D08F6 /* AFHTTPRequestOperationManager.m */,
				5ABC54681B9B00BA001D08F6 /* AFURLSessionManager.h */,
				5ABC54691B9B00BA001D08F6 /* AFURLSessionManager.m */,
				5ABC546A1B9B00BA001D08F6 /* AFHTTPSessionManager.h */,
				5ABC546B1B9B00BA001D08F6 /* AFHTTPSessionManager.m */,
				5ABC546C1B9B00BA001D08F6 /* AFSecurityPolicy.h */,
				5ABC546D1B9B00BA001D08F6 /* AFSecurityPolicy.m */,
				5ABC546E1B9B00BA001D08F6 /* AFNetworkReachabilityManager.h */,
				5ABC546F1B9B00BA001D08F6 /* AFNetworkReachabilityManager.m */,
				5ABC54701B9B00BA001D08F6 /* AFURLRequestSerialization.h */,
				5ABC54711B9B00BA001D08F6 /* AFURLRequestSerialization.m */,
				5ABC54721B9B00BA001D08F6 /* AFURLResponseSerialization.h */,
				5ABC54731B9B00BA001D08F6 /* AFURLResponseSerialization.m */,
			);
			name = AFNetworking;
			sourceTree = "<group>";
		};
		5AD2EA341BA1ACC9004CD7BE /* MBProgressHUD */ = {
			isa = PBXGroup;
			children = (
				5AD2EA311BA1ACC4004CD7BE /* MBProgressHUD.h */,
				5AD2EA321BA1ACC4004CD7BE /* MBProgressHUD.m */,
			);
			name = MBProgressHUD;
			sourceTree = "<group>";
		};
		5AE026841B99A24E00FFEF8D = {
			isa = PBXGroup;
			children = (
				5AE0268F1B99A24E00FFEF8D /* F45Feedback */,
				5AE026A91B99A24E00FFEF8D /* F45FeedbackTests */,
				5AE0268E1B99A24E00FFEF8D /* Products */,
			);
			sourceTree = "<group>";
		};
		5AE0268E1B99A24E00FFEF8D /* Products */ = {
			isa = PBXGroup;
			children = (
				5AE0268D1B99A24E00FFEF8D /* F45Feedback.app */,
				5AE026A61B99A24E00FFEF8D /* F45FeedbackTests.xctest */,
			);
			name = Products;
			sourceTree = "<group>";
		};
		5AE0268F1B99A24E00FFEF8D /* F45Feedback */ = {
			isa = PBXGroup;
			children = (
				5ABC540E1B9AAB52001D08F6 /* Libraries */,
				5ABC54461B9AAF61001D08F6 /* Fonts */,
				5ABC54451B9AAF57001D08F6 /* Images */,
				5ABC54431B9AAF38001D08F6 /* Helper */,
				5ABC54101B9AAB71001D08F6 /* Data */,
				5ABC54441B9AAF47001D08F6 /* View Controllers */,
				5AE0269A1B99A24E00FFEF8D /* Main.storyboard */,
				5AE0269D1B99A24E00FFEF8D /* Images.xcassets */,
				5AE0269F1B99A24E00FFEF8D /* LaunchScreen.xib */,
				5AE026901B99A24E00FFEF8D /* Supporting Files */,
			);
			path = F45Feedback;
			sourceTree = "<group>";
		};
		5AE026901B99A24E00FFEF8D /* Supporting Files */ = {
			isa = PBXGroup;
			children = (
				5ABC545B1B9AF57E001D08F6 /* QuartzCore.framework */,
				5AE026911B99A24E00FFEF8D /* Info.plist */,
				5AE026921B99A24E00FFEF8D /* main.m */,
			);
			name = "Supporting Files";
			sourceTree = "<group>";
		};
		5AE026A91B99A24E00FFEF8D /* F45FeedbackTests */ = {
			isa = PBXGroup;
			children = (
				5AE026AC1B99A24E00FFEF8D /* F45FeedbackTests.m */,
				5AE026AA1B99A24E00FFEF8D /* Supporting Files */,
			);
			path = F45FeedbackTests;
			sourceTree = "<group>";
		};
		5AE026AA1B99A24E00FFEF8D /* Supporting Files */ = {
			isa = PBXGroup;
			children = (
				5AE026AB1B99A24E00FFEF8D /* Info.plist */,
			);
			name = "Supporting Files";
			sourceTree = "<group>";
		};
/* End PBXGroup section */

/* Begin PBXNativeTarget section */
		5AE0268C1B99A24E00FFEF8D /* F45Feedback */ = {
			isa = PBXNativeTarget;
			buildConfigurationList = 5AE026B01B99A24E00FFEF8D /* Build configuration list for PBXNativeTarget "F45Feedback" */;
			buildPhases = (
				5AE026891B99A24E00FFEF8D /* Sources */,
				5AE0268A1B99A24E00FFEF8D /* Frameworks */,
				5AE0268B1B99A24E00FFEF8D /* Resources */,
			);
			buildRules = (
			);
			dependencies = (
			);
			name = F45Feedback;
			productName = F45Feedback;
			productReference = 5AE0268D1B99A24E00FFEF8D /* F45Feedback.app */;
			productType = "com.apple.product-type.application";
		};
		5AE026A51B99A24E00FFEF8D /* F45FeedbackTests */ = {
			isa = PBXNativeTarget;
			buildConfigurationList = 5AE026B31B99A24E00FFEF8D /* Build configuration list for PBXNativeTarget "F45FeedbackTests" */;
			buildPhases = (
				5AE026A21B99A24E00FFEF8D /* Sources */,
				5AE026A31B99A24E00FFEF8D /* Frameworks */,
				5AE026A41B99A24E00FFEF8D /* Resources */,
			);
			buildRules = (
			);
			dependencies = (
				5AE026A81B99A24E00FFEF8D /* PBXTargetDependency */,
			);
			name = F45FeedbackTests;
			productName = F45FeedbackTests;
			productReference = 5AE026A61B99A24E00FFEF8D /* F45FeedbackTests.xctest */;
			productType = "com.apple.product-type.bundle.unit-test";
		};
/* End PBXNativeTarget section */

/* Begin PBXProject section */
		5AE026851B99A24E00FFEF8D /* Project object */ = {
			isa = PBXProject;
			attributes = {
				LastUpgradeCheck = 0640;
				ORGANIZATIONNAME = Paras;
				TargetAttributes = {
					5AE0268C1B99A24E00FFEF8D = {
						CreatedOnToolsVersion = 6.4;
						DevelopmentTeam = VNMB8VYR6D;
					};
					5AE026A51B99A24E00FFEF8D = {
						CreatedOnToolsVersion = 6.4;
						DevelopmentTeam = 6N43GY3295;
						TestTargetID = 5AE0268C1B99A24E00FFEF8D;
					};
				};
			};
			buildConfigurationList = 5AE026881B99A24E00FFEF8D /* Build configuration list for PBXProject "F45Feedback" */;
			compatibilityVersion = "Xcode 3.2";
			developmentRegion = English;
			hasScannedForEncodings = 0;
			knownRegions = (
				en,
				Base,
			);
			mainGroup = 5AE026841B99A24E00FFEF8D;
			productRefGroup = 5AE0268E1B99A24E00FFEF8D /* Products */;
			projectDirPath = "";
			projectRoot = "";
			targets = (
				5AE0268C1B99A24E00FFEF8D /* F45Feedback */,
				5AE026A51B99A24E00FFEF8D /* F45FeedbackTests */,
			);
		};
/* End PBXProject section */

/* Begin PBXResourcesBuildPhase section */
		5AE0268B1B99A24E00FFEF8D /* Resources */ = {
			isa = PBXResourcesBuildPhase;
			buildActionMask = 2147483647;
			files = (
				5AC434841B9DBB0F00C4DCD5 /* launchScreenLogo@2x.png in Resources */,
				5AE026BB1B99A8CA00FFEF8D /* ProximaNovaCond-Semibold.otf in Resources */,
				5AC434811B9DBAFA00C4DCD5 /* launchScreenLogo.png in Resources */,
				5AE026BC1B99A8CA00FFEF8D /* YanoneKaffeesatz-Bold.ttf in Resources */,
				5ABC540A1B9AAAE5001D08F6 /* questions.json in Resources */,
				5AB280481B9EFB29004A8660 /* star copy.png in Resources */,
				5AB280421B9EE533004A8660 /* ratingStar copy.png in Resources */,
				5AB280461B9EEF16004A8660 /* ratingStar copy 2.png in Resources */,
				5AE026C81B99CC9500FFEF8D /* whiteLogo.png in Resources */,
				5AE026C91B99CC9500FFEF8D /* whiteLogo@2x.png in Resources */,
				5AE026BD1B99A8CA00FFEF8D /* YanoneKaffeesatz-Regular.ttf in Resources */,
				5AE0269C1B99A24E00FFEF8D /* Main.storyboard in Resources */,
				5ABC54591B9AF4A0001D08F6 /* SVProgressHUD.bundle in Resources */,
				5AB280441B9EED6D004A8660 /* star.png in Resources */,
				5AE026D11B99D51500FFEF8D /* star_bg_clicked.png in Resources */,
				5AE026A11B99A24E00FFEF8D /* LaunchScreen.xib in Resources */,
				5AE0269E1B99A24E00FFEF8D /* Images.xcassets in Resources */,
				5AE026CF1B99CEE000FFEF8D /* ratingStar@2x.png in Resources */,
				5AE026CE1B99CEE000FFEF8D /* ratingStar.png in Resources */,
				5AE026B71B99A37400FFEF8D /* f45logo_4.png in Resources */,
			);
			runOnlyForDeploymentPostprocessing = 0;
		};
		5AE026A41B99A24E00FFEF8D /* Resources */ = {
			isa = PBXResourcesBuildPhase;
			buildActionMask = 2147483647;
			files = (
			);
			runOnlyForDeploymentPostprocessing = 0;
		};
/* End PBXResourcesBuildPhase section */

/* Begin PBXSourcesBuildPhase section */
		5AE026891B99A24E00FFEF8D /* Sources */ = {
			isa = PBXSourcesBuildPhase;
			buildActionMask = 2147483647;
			files = (
				5ABC54791B9B00BA001D08F6 /* AFSecurityPolicy.m in Sources */,
				5AE026991B99A24E00FFEF8D /* HomeViewController.m in Sources */,
				5AE026961B99A24E00FFEF8D /* AppDelegate.m in Sources */,
				5ABC54751B9B00BA001D08F6 /* AFHTTPRequestOperation.m in Sources */,
				5AE026931B99A24E00FFEF8D /* main.m in Sources */,
				5ABC54581B9AF4A0001D08F6 /* SVIndefiniteAnimatedView.m in Sources */,
				5ABC54761B9B00BA001D08F6 /* AFHTTPRequestOperationManager.m in Sources */,
				5AD2EA331BA1ACC4004CD7BE /* MBProgressHUD.m in Sources */,
				5ABC547B1B9B00BA001D08F6 /* AFURLRequestSerialization.m in Sources */,
				5ABC547A1B9B00BA001D08F6 /* AFNetworkReachabilityManager.m in Sources */,
				5ABC54741B9B00BA001D08F6 /* AFURLConnectionOperation.m in Sources */,
				5AE026C01B99B98B00FFEF8D /* MainViewController.m in Sources */,
				5ABC545A1B9AF4A0001D08F6 /* SVProgressHUD.m in Sources */,
				5AC4347A1B9DAF0D00C4DCD5 /* PopoverViewController.m in Sources */,
				5ABC547C1B9B00BA001D08F6 /* AFURLResponseSerialization.m in Sources */,
				5ABC54771B9B00BA001D08F6 /* AFURLSessionManager.m in Sources */,
				5ABC54511B9ACAB0001D08F6 /* UIView+Toast.m in Sources */,
				5AE026C31B99BADB00FFEF8D /* Helper.m in Sources */,
				5ABC54781B9B00BA001D08F6 /* AFHTTPSessionManager.m in Sources */,
			);
			runOnlyForDeploymentPostprocessing = 0;
		};
		5AE026A21B99A24E00FFEF8D /* Sources */ = {
			isa = PBXSourcesBuildPhase;
			buildActionMask = 2147483647;
			files = (
				5AE026AD1B99A24E00FFEF8D /* F45FeedbackTests.m in Sources */,
			);
			runOnlyForDeploymentPostprocessing = 0;
		};
/* End PBXSourcesBuildPhase section */

/* Begin PBXTargetDependency section */
		5AE026A81B99A24E00FFEF8D /* PBXTargetDependency */ = {
			isa = PBXTargetDependency;
			target = 5AE0268C1B99A24E00FFEF8D /* F45Feedback */;
			targetProxy = 5AE026A71B99A24E00FFEF8D /* PBXContainerItemProxy */;
		};
/* End PBXTargetDependency section */

/* Begin PBXVariantGroup section */
		5AE0269A1B99A24E00FFEF8D /* Main.storyboard */ = {
			isa = PBXVariantGroup;
			children = (
				5AE0269B1B99A24E00FFEF8D /* Base */,
			);
			name = Main.storyboard;
			sourceTree = "<group>";
		};
		5AE0269F1B99A24E00FFEF8D /* LaunchScreen.xib */ = {
			isa = PBXVariantGroup;
			children = (
				5AE026A01B99A24E00FFEF8D /* Base */,
			);
			name = LaunchScreen.xib;
			sourceTree = "<group>";
		};
/* End PBXVariantGroup section */

/* Begin XCBuildConfiguration section */
		5AE026AE1B99A24E00FFEF8D /* Debug */ = {
			isa = XCBuildConfiguration;
			buildSettings = {
				ALWAYS_SEARCH_USER_PATHS = NO;
				CLANG_CXX_LANGUAGE_STANDARD = "gnu++0x";
				CLANG_CXX_LIBRARY = "libc++";
				CLANG_ENABLE_MODULES = YES;
				CLANG_ENABLE_OBJC_ARC = YES;
				CLANG_WARN_BOOL_CONVERSION = YES;
				CLANG_WARN_CONSTANT_CONVERSION = YES;
				CLANG_WARN_DIRECT_OBJC_ISA_USAGE = YES_ERROR;
				CLANG_WARN_EMPTY_BODY = YES;
				CLANG_WARN_ENUM_CONVERSION = YES;
				CLANG_WARN_INT_CONVERSION = YES;
				CLANG_WARN_OBJC_ROOT_CLASS = YES_ERROR;
				CLANG_WARN_UNREACHABLE_CODE = YES;
				CLANG_WARN__DUPLICATE_METHOD_MATCH = YES;
				CODE_SIGN_IDENTITY = "iPhone Distribution: F45 TRAINING PTY LTD (VNMB8VYR6D)";
				"CODE_SIGN_IDENTITY[sdk=iphoneos*]" = "iPhone Distribution: F45 TRAINING PTY LTD (VNMB8VYR6D)";
				COPY_PHASE_STRIP = NO;
				DEBUG_INFORMATION_FORMAT = "dwarf-with-dsym";
				ENABLE_STRICT_OBJC_MSGSEND = YES;
				GCC_C_LANGUAGE_STANDARD = gnu99;
				GCC_DYNAMIC_NO_PIC = NO;
				GCC_NO_COMMON_BLOCKS = YES;
				GCC_OPTIMIZATION_LEVEL = 0;
				GCC_PREPROCESSOR_DEFINITIONS = (
					"DEBUG=1",
					"$(inherited)",
				);
				GCC_SYMBOLS_PRIVATE_EXTERN = NO;
				GCC_WARN_64_TO_32_BIT_CONVERSION = YES;
				GCC_WARN_ABOUT_RETURN_TYPE = YES_ERROR;
				GCC_WARN_UNDECLARED_SELECTOR = YES;
				GCC_WARN_UNINITIALIZED_AUTOS = YES_AGGRESSIVE;
				GCC_WARN_UNUSED_FUNCTION = YES;
				GCC_WARN_UNUSED_VARIABLE = YES;
				IPHONEOS_DEPLOYMENT_TARGET = 8.4;
				MTL_ENABLE_DEBUG_INFO = YES;
				ONLY_ACTIVE_ARCH = YES;
				PROVISIONING_PROFILE = "9e9e65ec-7a33-4b2b-a236-cba7ab57fb20";
				SDKROOT = iphoneos;
				TARGETED_DEVICE_FAMILY = 2;
			};
			name = Debug;
		};
		5AE026AF1B99A24E00FFEF8D /* Release */ = {
			isa = XCBuildConfiguration;
			buildSettings = {
				ALWAYS_SEARCH_USER_PATHS = NO;
				CLANG_CXX_LANGUAGE_STANDARD = "gnu++0x";
				CLANG_CXX_LIBRARY = "libc++";
				CLANG_ENABLE_MODULES = YES;
				CLANG_ENABLE_OBJC_ARC = YES;
				CLANG_WARN_BOOL_CONVERSION = YES;
				CLANG_WARN_CONSTANT_CONVERSION = YES;
				CLANG_WARN_DIRECT_OBJC_ISA_USAGE = YES_ERROR;
				CLANG_WARN_EMPTY_BODY = YES;
				CLANG_WARN_ENUM_CONVERSION = YES;
				CLANG_WARN_INT_CONVERSION = YES;
				CLANG_WARN_OBJC_ROOT_CLASS = YES_ERROR;
				CLANG_WARN_UNREACHABLE_CODE = YES;
				CLANG_WARN__DUPLICATE_METHOD_MATCH = YES;
				CODE_SIGN_IDENTITY = "iPhone Distribution: F45 TRAINING PTY LTD (VNMB8VYR6D)";
				"CODE_SIGN_IDENTITY[sdk=iphoneos*]" = "iPhone Distribution: F45 TRAINING PTY LTD (VNMB8VYR6D)";
				COPY_PHASE_STRIP = NO;
				DEBUG_INFORMATION_FORMAT = "dwarf-with-dsym";
				ENABLE_NS_ASSERTIONS = NO;
				ENABLE_STRICT_OBJC_MSGSEND = YES;
				GCC_C_LANGUAGE_STANDARD = gnu99;
				GCC_NO_COMMON_BLOCKS = YES;
				GCC_WARN_64_TO_32_BIT_CONVERSION = YES;
				GCC_WARN_ABOUT_RETURN_TYPE = YES_ERROR;
				GCC_WARN_UNDECLARED_SELECTOR = YES;
				GCC_WARN_UNINITIALIZED_AUTOS = YES_AGGRESSIVE;
				GCC_WARN_UNUSED_FUNCTION = YES;
				GCC_WARN_UNUSED_VARIABLE = YES;
				IPHONEOS_DEPLOYMENT_TARGET = 8.4;
				MTL_ENABLE_DEBUG_INFO = NO;
				PROVISIONING_PROFILE = "9e9e65ec-7a33-4b2b-a236-cba7ab57fb20";
				SDKROOT = iphoneos;
				TARGETED_DEVICE_FAMILY = 2;
				VALIDATE_PRODUCT = YES;
			};
			name = Release;
		};
		5AE026B11B99A24E00FFEF8D /* Debug */ = {
			isa = XCBuildConfiguration;
			buildSettings = {
				ASSETCATALOG_COMPILER_APPICON_NAME = AppIcon;
				CODE_SIGN_IDENTITY = "iPhone Distribution: F45 TRAINING PTY LTD (VNMB8VYR6D)";
				"CODE_SIGN_IDENTITY[sdk=iphoneos*]" = "iPhone Distribution: F45 TRAINING PTY LTD (VNMB8VYR6D)";
				INFOPLIST_FILE = F45Feedback/Info.plist;
				IPHONEOS_DEPLOYMENT_TARGET = 7.0;
				LD_RUNPATH_SEARCH_PATHS = "$(inherited) @executable_path/Frameworks";
				PRODUCT_NAME = "$(TARGET_NAME)";
				PROVISIONING_PROFILE = "9e9e65ec-7a33-4b2b-a236-cba7ab57fb20";
			};
			name = Debug;
		};
		5AE026B21B99A24E00FFEF8D /* Release */ = {
			isa = XCBuildConfiguration;
			buildSettings = {
				ASSETCATALOG_COMPILER_APPICON_NAME = AppIcon;
				CODE_SIGN_IDENTITY = "iPhone Distribution: F45 TRAINING PTY LTD (VNMB8VYR6D)";
				"CODE_SIGN_IDENTITY[sdk=iphoneos*]" = "iPhone Distribution: F45 TRAINING PTY LTD (VNMB8VYR6D)";
				INFOPLIST_FILE = F45Feedback/Info.plist;
				IPHONEOS_DEPLOYMENT_TARGET = 7.0;
				LD_RUNPATH_SEARCH_PATHS = "$(inherited) @executable_path/Frameworks";
				PRODUCT_NAME = "$(TARGET_NAME)";
				PROVISIONING_PROFILE = "9e9e65ec-7a33-4b2b-a236-cba7ab57fb20";
			};
			name = Release;
		};
		5AE026B41B99A24E00FFEF8D /* Debug */ = {
			isa = XCBuildConfiguration;
			buildSettings = {
				BUNDLE_LOADER = "$(TEST_HOST)";
				CODE_SIGN_IDENTITY = "iPhone Distribution: F45 TRAINING PTY LTD (VNMB8VYR6D)";
				"CODE_SIGN_IDENTITY[sdk=iphoneos*]" = "iPhone Distribution: F45 TRAINING PTY LTD (VNMB8VYR6D)";
				FRAMEWORK_SEARCH_PATHS = (
					"$(SDKROOT)/Developer/Library/Frameworks",
					"$(inherited)",
				);
				GCC_PREPROCESSOR_DEFINITIONS = (
					"DEBUG=1",
					"$(inherited)",
				);
				INFOPLIST_FILE = F45FeedbackTests/Info.plist;
				LD_RUNPATH_SEARCH_PATHS = "$(inherited) @executable_path/Frameworks @loader_path/Frameworks";
				PRODUCT_NAME = "$(TARGET_NAME)";
				PROVISIONING_PROFILE = "9e9e65ec-7a33-4b2b-a236-cba7ab57fb20";
				TEST_HOST = "$(BUILT_PRODUCTS_DIR)/F45Feedback.app/F45Feedback";
			};
			name = Debug;
		};
		5AE026B51B99A24E00FFEF8D /* Release */ = {
			isa = XCBuildConfiguration;
			buildSettings = {
				BUNDLE_LOADER = "$(TEST_HOST)";
				CODE_SIGN_IDENTITY = "iPhone Distribution: F45 TRAINING PTY LTD (VNMB8VYR6D)";
				"CODE_SIGN_IDENTITY[sdk=iphoneos*]" = "iPhone Distribution: F45 TRAINING PTY LTD (VNMB8VYR6D)";
				FRAMEWORK_SEARCH_PATHS = (
					"$(SDKROOT)/Developer/Library/Frameworks",
					"$(inherited)",
				);
				INFOPLIST_FILE = F45FeedbackTests/Info.plist;
				LD_RUNPATH_SEARCH_PATHS = "$(inherited) @executable_path/Frameworks @loader_path/Frameworks";
				PRODUCT_NAME = "$(TARGET_NAME)";
				PROVISIONING_PROFILE = "9e9e65ec-7a33-4b2b-a236-cba7ab57fb20";
				TEST_HOST = "$(BUILT_PRODUCTS_DIR)/F45Feedback.app/F45Feedback";
			};
			name = Release;
		};
/* End XCBuildConfiguration section */

/* Begin XCConfigurationList section */
		5AE026881B99A24E00FFEF8D /* Build configuration list for PBXProject "F45Feedback" */ = {
			isa = XCConfigurationList;
			buildConfigurations = (
				5AE026AE1B99A24E00FFEF8D /* Debug */,
				5AE026AF1B99A24E00FFEF8D /* Release */,
			);
			defaultConfigurationIsVisible = 0;
			defaultConfigurationName = Release;
		};
		5AE026B01B99A24E00FFEF8D /* Build configuration list for PBXNativeTarget "F45Feedback" */ = {
			isa = XCConfigurationList;
			buildConfigurations = (
				5AE026B11B99A24E00FFEF8D /* Debug */,
				5AE026B21B99A24E00FFEF8D /* Release */,
			);
			defaultConfigurationIsVisible = 0;
			defaultConfigurationName = Release;
		};
		5AE026B31B99A24E00FFEF8D /* Build configuration list for PBXNativeTarget "F45FeedbackTests" */ = {
			isa = XCConfigurationList;
			buildConfigurations = (
				5AE026B41B99A24E00FFEF8D /* Debug */,
				5AE026B51B99A24E00FFEF8D /* Release */,
			);
			defaultConfigurationIsVisible = 0;
			defaultConfigurationName = Release;
		};
/* End XCConfigurationList section */
	};
	rootObject = 5AE026851B99A24E00FFEF8D /* Project object */;
}
